// !$*UTF8*$!
{
	archiveVersion = 1;
	classes = {
	};
	objectVersion = 50;
	objects = {

/* Begin PBXBuildFile section */
		FA9C4D1826C6E05600556CAE /* Types.swift in Sources */ = {isa = PBXBuildFile; fileRef = FA9C4D1726C6E05600556CAE /* Types.swift */; };
		FAD2FD9D26BD06A100B94C32 /* AppDelegate.swift in Sources */ = {isa = PBXBuildFile; fileRef = FAD2FD9C26BD06A100B94C32 /* AppDelegate.swift */; };
		FAD2FD9F26BD06A100B94C32 /* SceneDelegate.swift in Sources */ = {isa = PBXBuildFile; fileRef = FAD2FD9E26BD06A100B94C32 /* SceneDelegate.swift */; };
		FAD2FDA126BD06A100B94C32 /* ViewController.swift in Sources */ = {isa = PBXBuildFile; fileRef = FAD2FDA026BD06A100B94C32 /* ViewController.swift */; };
		FAD2FDA426BD06A100B94C32 /* Main.storyboard in Resources */ = {isa = PBXBuildFile; fileRef = FAD2FDA226BD06A100B94C32 /* Main.storyboard */; };
		FAD2FDA626BD06AA00B94C32 /* Assets.xcassets in Resources */ = {isa = PBXBuildFile; fileRef = FAD2FDA526BD06AA00B94C32 /* Assets.xcassets */; };
		FAD2FDA926BD06AA00B94C32 /* LaunchScreen.storyboard in Resources */ = {isa = PBXBuildFile; fileRef = FAD2FDA726BD06AA00B94C32 /* LaunchScreen.storyboard */; };
		FAD2FDB526BD085D00B94C32 /* HomepageViewController.swift in Sources */ = {isa = PBXBuildFile; fileRef = FAD2FDB326BD085D00B94C32 /* HomepageViewController.swift */; };
		FAD2FDB626BD085D00B94C32 /* HomepageViewController.xib in Resources */ = {isa = PBXBuildFile; fileRef = FAD2FDB426BD085D00B94C32 /* HomepageViewController.xib */; };
		FAD2FDBB26BD1B1700B94C32 /* Shader.metal in Sources */ = {isa = PBXBuildFile; fileRef = FAD2FDBA26BD1B1700B94C32 /* Shader.metal */; };
/* End PBXBuildFile section */

/* Begin PBXFileReference section */
		FA9C4D1726C6E05600556CAE /* Types.swift */ = {isa = PBXFileReference; lastKnownFileType = sourcecode.swift; path = Types.swift; sourceTree = "<group>"; };
		FAD2FD9926BD06A100B94C32 /* MetalLearning.app */ = {isa = PBXFileReference; explicitFileType = wrapper.application; includeInIndex = 0; path = MetalLearning.app; sourceTree = BUILT_PRODUCTS_DIR; };
		FAD2FD9C26BD06A100B94C32 /* AppDelegate.swift */ = {isa = PBXFileReference; lastKnownFileType = sourcecode.swift; path = AppDelegate.swift; sourceTree = "<group>"; };
		FAD2FD9E26BD06A100B94C32 /* SceneDelegate.swift */ = {isa = PBXFileReference; lastKnownFileType = sourcecode.swift; path = SceneDelegate.swift; sourceTree = "<group>"; };
		FAD2FDA026BD06A100B94C32 /* ViewController.swift */ = {isa = PBXFileReference; lastKnownFileType = sourcecode.swift; path = ViewController.swift; sourceTree = "<group>"; };
		FAD2FDA326BD06A100B94C32 /* Base */ = {isa = PBXFileReference; lastKnownFileType = file.storyboard; name = Base; path = Base.lproj/Main.storyboard; sourceTree = "<group>"; };
		FAD2FDA526BD06AA00B94C32 /* Assets.xcassets */ = {isa = PBXFileReference; lastKnownFileType = folder.assetcatalog; path = Assets.xcassets; sourceTree = "<group>"; };
		FAD2FDA826BD06AA00B94C32 /* Base */ = {isa = PBXFileReference; lastKnownFileType = file.storyboard; name = Base; path = Base.lproj/LaunchScreen.storyboard; sourceTree = "<group>"; };
		FAD2FDAA26BD06AA00B94C32 /* Info.plist */ = {isa = PBXFileReference; lastKnownFileType = text.plist.xml; path = Info.plist; sourceTree = "<group>"; };
		FAD2FDB326BD085D00B94C32 /* HomepageViewController.swift */ = {isa = PBXFileReference; lastKnownFileType = sourcecode.swift; path = HomepageViewController.swift; sourceTree = "<group>"; };
		FAD2FDB426BD085D00B94C32 /* HomepageViewController.xib */ = {isa = PBXFileReference; lastKnownFileType = file.xib; path = HomepageViewController.xib; sourceTree = "<group>"; };
		FAD2FDBA26BD1B1700B94C32 /* Shader.metal */ = {isa = PBXFileReference; lastKnownFileType = sourcecode.metal; path = Shader.metal; sourceTree = "<group>"; };
/* End PBXFileReference section */

/* Begin PBXFrameworksBuildPhase section */
		FAD2FD9626BD06A100B94C32 /* Frameworks */ = {
			isa = PBXFrameworksBuildPhase;
			buildActionMask = 2147483647;
			files = (
			);
			runOnlyForDeploymentPostprocessing = 0;
		};
/* End PBXFrameworksBuildPhase section */

/* Begin PBXGroup section */
		FA9C4D1626C6E03200556CAE /* Model */ = {
			isa = PBXGroup;
			children = (
				FA9C4D1726C6E05600556CAE /* Types.swift */,
			);
			path = Model;
			sourceTree = "<group>";
		};
		FAD2FD9026BD06A000B94C32 = {
			isa = PBXGroup;
			children = (
				FAD2FD9B26BD06A100B94C32 /* MetalLearning */,
				FAD2FD9A26BD06A100B94C32 /* Products */,
			);
			sourceTree = "<group>";
		};
		FAD2FD9A26BD06A100B94C32 /* Products */ = {
			isa = PBXGroup;
			children = (
				FAD2FD9926BD06A100B94C32 /* MetalLearning.app */,
			);
			name = Products;
			sourceTree = "<group>";
		};
		FAD2FD9B26BD06A100B94C32 /* MetalLearning */ = {
			isa = PBXGroup;
			children = (
				FA9C4D1626C6E03200556CAE /* Model */,
				FAD2FDB926BD1B0600B94C32 /* Shaders */,
				FAD2FDB226BD082900B94C32 /* HomePage */,
				FAD2FD9C26BD06A100B94C32 /* AppDelegate.swift */,
				FAD2FD9E26BD06A100B94C32 /* SceneDelegate.swift */,
				FAD2FDA026BD06A100B94C32 /* ViewController.swift */,
				FAD2FDA226BD06A100B94C32 /* Main.storyboard */,
				FAD2FDA526BD06AA00B94C32 /* Assets.xcassets */,
				FAD2FDA726BD06AA00B94C32 /* LaunchScreen.storyboard */,
				FAD2FDAA26BD06AA00B94C32 /* Info.plist */,
			);
			path = MetalLearning;
			sourceTree = "<group>";
		};
		FAD2FDB226BD082900B94C32 /* HomePage */ = {
			isa = PBXGroup;
			children = (
				FAD2FDB326BD085D00B94C32 /* HomepageViewController.swift */,
				FAD2FDB426BD085D00B94C32 /* HomepageViewController.xib */,
			);
			path = HomePage;
			sourceTree = "<group>";
		};
		FAD2FDB926BD1B0600B94C32 /* Shaders */ = {
			isa = PBXGroup;
			children = (
				FAD2FDBA26BD1B1700B94C32 /* Shader.metal */,
			);
			path = Shaders;
			sourceTree = "<group>";
		};
/* End PBXGroup section */

/* Begin PBXNativeTarget section */
		FAD2FD9826BD06A100B94C32 /* MetalLearning */ = {
			isa = PBXNativeTarget;
			buildConfigurationList = FAD2FDAD26BD06AA00B94C32 /* Build configuration list for PBXNativeTarget "MetalLearning" */;
			buildPhases = (
				FAD2FD9526BD06A100B94C32 /* Sources */,
				FAD2FD9626BD06A100B94C32 /* Frameworks */,
				FAD2FD9726BD06A100B94C32 /* Resources */,
			);
			buildRules = (
			);
			dependencies = (
			);
			name = MetalLearning;
			productName = MetalLearning;
			productReference = FAD2FD9926BD06A100B94C32 /* MetalLearning.app */;
			productType = "com.apple.product-type.application";
		};
/* End PBXNativeTarget section */

/* Begin PBXProject section */
		FAD2FD9126BD06A000B94C32 /* Project object */ = {
			isa = PBXProject;
			attributes = {
				LastSwiftUpdateCheck = 1240;
				LastUpgradeCheck = 1240;
				TargetAttributes = {
					FAD2FD9826BD06A100B94C32 = {
						CreatedOnToolsVersion = 12.4;
					};
				};
			};
			buildConfigurationList = FAD2FD9426BD06A000B94C32 /* Build configuration list for PBXProject "MetalLearning" */;
			compatibilityVersion = "Xcode 9.3";
			developmentRegion = en;
			hasScannedForEncodings = 0;
			knownRegions = (
				en,
				Base,
			);
			mainGroup = FAD2FD9026BD06A000B94C32;
			productRefGroup = FAD2FD9A26BD06A100B94C32 /* Products */;
			projectDirPath = "";
			projectRoot = "";
			targets = (
				FAD2FD9826BD06A100B94C32 /* MetalLearning */,
			);
		};
/* End PBXProject section */

/* Begin PBXResourcesBuildPhase section */
		FAD2FD9726BD06A100B94C32 /* Resources */ = {
			isa = PBXResourcesBuildPhase;
			buildActionMask = 2147483647;
			files = (
				FAD2FDB626BD085D00B94C32 /* HomepageViewController.xib in Resources */,
				FAD2FDA926BD06AA00B94C32 /* LaunchScreen.storyboard in Resources */,
				FAD2FDA626BD06AA00B94C32 /* Assets.xcassets in Resources */,
				FAD2FDA426BD06A100B94C32 /* Main.storyboard in Resources */,
			);
			runOnlyForDeploymentPostprocessing = 0;
		};
/* End PBXResourcesBuildPhase section */

/* Begin PBXSourcesBuildPhase section */
		FAD2FD9526BD06A100B94C32 /* Sources */ = {
			isa = PBXSourcesBuildPhase;
			buildActionMask = 2147483647;
			files = (
				FAD2FDB526BD085D00B94C32 /* HomepageViewController.swift in Sources */,
				FAD2FDA126BD06A100B94C32 /* ViewController.swift in Sources */,
				FAD2FD9D26BD06A100B94C32 /* AppDelegate.swift in Sources */,
				FA9C4D1826C6E05600556CAE /* Types.swift in Sources */,
				FAD2FDBB26BD1B1700B94C32 /* Shader.metal in Sources */,
				FAD2FD9F26BD06A100B94C32 /* SceneDelegate.swift in Sources */,
			);
			runOnlyForDeploymentPostprocessing = 0;
		};
/* End PBXSourcesBuildPhase section */

/* Begin PBXVariantGroup section */
		FAD2FDA226BD06A100B94C32 /* Main.storyboard */ = {
			isa = PBXVariantGroup;
			children = (
				FAD2FDA326BD06A100B94C32 /* Base */,
			);
			name = Main.storyboard;
			sourceTree = "<group>";
		};
		FAD2FDA726BD06AA00B94C32 /* LaunchScreen.storyboard */ = {
			isa = PBXVariantGroup;
			children = (
				FAD2FDA826BD06AA00B94C32 /* Base */,
			);
			name = LaunchScreen.storyboard;
			sourceTree = "<group>";
		};
/* End PBXVariantGroup section */

/* Begin XCBuildConfiguration section */
		FAD2FDAB26BD06AA00B94C32 /* Debug */ = {
			isa = XCBuildConfiguration;
			buildSettings = {
				ALWAYS_SEARCH_USER_PATHS = NO;
				CLANG_ANALYZER_NONNULL = YES;
				CLANG_ANALYZER_NUMBER_OBJECT_CONVERSION = YES_AGGRESSIVE;
				CLANG_CXX_LANGUAGE_STANDARD = "gnu++14";
				CLANG_CXX_LIBRARY = "libc++";
				CLANG_ENABLE_MODULES = YES;
				CLANG_ENABLE_OBJC_ARC = YES;
				CLANG_ENABLE_OBJC_WEAK = YES;
				CLANG_WARN_BLOCK_CAPTURE_AUTORELEASING = YES;
				CLANG_WARN_BOOL_CONVERSION = YES;
				CLANG_WARN_COMMA = YES;
				CLANG_WARN_CONSTANT_CONVERSION = YES;
				CLANG_WARN_DEPRECATED_OBJC_IMPLEMENTATIONS = YES;
				CLANG_WARN_DIRECT_OBJC_ISA_USAGE = YES_ERROR;
				CLANG_WARN_DOCUMENTATION_COMMENTS = YES;
				CLANG_WARN_EMPTY_BODY = YES;
				CLANG_WARN_ENUM_CONVERSION = YES;
				CLANG_WARN_INFINITE_RECURSION = YES;
				CLANG_WARN_INT_CONVERSION = YES;
				CLANG_WARN_NON_LITERAL_NULL_CONVERSION = YES;
				CLANG_WARN_OBJC_IMPLICIT_RETAIN_SELF = YES;
				CLANG_WARN_OBJC_LITERAL_CONVERSION = YES;
				CLANG_WARN_OBJC_ROOT_CLASS = YES_ERROR;
				CLANG_WARN_QUOTED_INCLUDE_IN_FRAMEWORK_HEADER = YES;
				CLANG_WARN_RANGE_LOOP_ANALYSIS = YES;
				CLANG_WARN_STRICT_PROTOTYPES = YES;
				CLANG_WARN_SUSPICIOUS_MOVE = YES;
				CLANG_WARN_UNGUARDED_AVAILABILITY = YES_AGGRESSIVE;
				CLANG_WARN_UNREACHABLE_CODE = YES;
				CLANG_WARN__DUPLICATE_METHOD_MATCH = YES;
				COPY_PHASE_STRIP = NO;
				DEBUG_INFORMATION_FORMAT = dwarf;
				ENABLE_STRICT_OBJC_MSGSEND = YES;
				ENABLE_TESTABILITY = YES;
				GCC_C_LANGUAGE_STANDARD = gnu11;
				GCC_DYNAMIC_NO_PIC = NO;
				GCC_NO_COMMON_BLOCKS = YES;
				GCC_OPTIMIZATION_LEVEL = 0;
				GCC_PREPROCESSOR_DEFINITIONS = (
					"DEBUG=1",
					"$(inherited)",
				);
				GCC_WARN_64_TO_32_BIT_CONVERSION = YES;
				GCC_WARN_ABOUT_RETURN_TYPE = YES_ERROR;
				GCC_WARN_UNDECLARED_SELECTOR = YES;
				GCC_WARN_UNINITIALIZED_AUTOS = YES_AGGRESSIVE;
				GCC_WARN_UNUSED_FUNCTION = YES;
				GCC_WARN_UNUSED_VARIABLE = YES;
				IPHONEOS_DEPLOYMENT_TARGET = 14.4;
				MTL_ENABLE_DEBUG_INFO = INCLUDE_SOURCE;
				MTL_FAST_MATH = YES;
				ONLY_ACTIVE_ARCH = YES;
				SDKROOT = iphoneos;
				SWIFT_ACTIVE_COMPILATION_CONDITIONS = DEBUG;
				SWIFT_OPTIMIZATION_LEVEL = "-Onone";
			};
			name = Debug;
		};
		FAD2FDAC26BD06AA00B94C32 /* Release */ = {
			isa = XCBuildConfiguration;
			buildSettings = {
				ALWAYS_SEARCH_USER_PATHS = NO;
				CLANG_ANALYZER_NONNULL = YES;
				CLANG_ANALYZER_NUMBER_OBJECT_CONVERSION = YES_AGGRESSIVE;
				CLANG_CXX_LANGUAGE_STANDARD = "gnu++14";
				CLANG_CXX_LIBRARY = "libc++";
				CLANG_ENABLE_MODULES = YES;
				CLANG_ENABLE_OBJC_ARC = YES;
				CLANG_ENABLE_OBJC_WEAK = YES;
				CLANG_WARN_BLOCK_CAPTURE_AUTORELEASING = YES;
				CLANG_WARN_BOOL_CONVERSION = YES;
				CLANG_WARN_COMMA = YES;
				CLANG_WARN_CONSTANT_CONVERSION = YES;
				CLANG_WARN_DEPRECATED_OBJC_IMPLEMENTATIONS = YES;
				CLANG_WARN_DIRECT_OBJC_ISA_USAGE = YES_ERROR;
				CLANG_WARN_DOCUMENTATION_COMMENTS = YES;
				CLANG_WARN_EMPTY_BODY = YES;
				CLANG_WARN_ENUM_CONVERSION = YES;
				CLANG_WARN_INFINITE_RECURSION = YES;
				CLANG_WARN_INT_CONVERSION = YES;
				CLANG_WARN_NON_LITERAL_NULL_CONVERSION = YES;
				CLANG_WARN_OBJC_IMPLICIT_RETAIN_SELF = YES;
				CLANG_WARN_OBJC_LITERAL_CONVERSION = YES;
				CLANG_WARN_OBJC_ROOT_CLASS = YES_ERROR;
				CLANG_WARN_QUOTED_INCLUDE_IN_FRAMEWORK_HEADER = YES;
				CLANG_WARN_RANGE_LOOP_ANALYSIS = YES;
				CLANG_WARN_STRICT_PROTOTYPES = YES;
				CLANG_WARN_SUSPICIOUS_MOVE = YES;
				CLANG_WARN_UNGUARDED_AVAILABILITY = YES_AGGRESSIVE;
				CLANG_WARN_UNREACHABLE_CODE = YES;
				CLANG_WARN__DUPLICATE_METHOD_MATCH = YES;
				COPY_PHASE_STRIP = NO;
				DEBUG_INFORMATION_FORMAT = "dwarf-with-dsym";
				ENABLE_NS_ASSERTIONS = NO;
				ENABLE_STRICT_OBJC_MSGSEND = YES;
				GCC_C_LANGUAGE_STANDARD = gnu11;
				GCC_NO_COMMON_BLOCKS = YES;
				GCC_WARN_64_TO_32_BIT_CONVERSION = YES;
				GCC_WARN_ABOUT_RETURN_TYPE = YES_ERROR;
				GCC_WARN_UNDECLARED_SELECTOR = YES;
				GCC_WARN_UNINITIALIZED_AUTOS = YES_AGGRESSIVE;
				GCC_WARN_UNUSED_FUNCTION = YES;
				GCC_WARN_UNUSED_VARIABLE = YES;
				IPHONEOS_DEPLOYMENT_TARGET = 14.4;
				MTL_ENABLE_DEBUG_INFO = NO;
				MTL_FAST_MATH = YES;
				SDKROOT = iphoneos;
				SWIFT_COMPILATION_MODE = wholemodule;
				SWIFT_OPTIMIZATION_LEVEL = "-O";
				VALIDATE_PRODUCT = YES;
			};
			name = Release;
		};
		FAD2FDAE26BD06AA00B94C32 /* Debug */ = {
			isa = XCBuildConfiguration;
			buildSettings = {
				ASSETCATALOG_COMPILER_APPICON_NAME = AppIcon;
				ASSETCATALOG_COMPILER_GLOBAL_ACCENT_COLOR_NAME = AccentColor;
				CODE_SIGN_STYLE = Automatic;
				DEVELOPMENT_TEAM = 28T5VPKKDG;
				INFOPLIST_FILE = MetalLearning/Info.plist;
				LD_RUNPATH_SEARCH_PATHS = (
					"$(inherited)",
					"@executable_path/Frameworks",
				);
				PRODUCT_BUNDLE_IDENTIFIER = com.Sagar.metalL.MetalLearning;
				PRODUCT_NAME = "$(TARGET_NAME)";
				SWIFT_VERSION = 5.0;
				TARGETED_DEVICE_FAMILY = "1,2";
			};
			name = Debug;
		};
		FAD2FDAF26BD06AA00B94C32 /* Release */ = {
			isa = XCBuildConfiguration;
			buildSettings = {
				ASSETCATALOG_COMPILER_APPICON_NAME = AppIcon;
				ASSETCATALOG_COMPILER_GLOBAL_ACCENT_COLOR_NAME = AccentColor;
				CODE_SIGN_STYLE = Automatic;
				DEVELOPMENT_TEAM = 28T5VPKKDG;
				INFOPLIST_FILE = MetalLearning/Info.plist;
				LD_RUNPATH_SEARCH_PATHS = (
					"$(inherited)",
					"@executable_path/Frameworks",
				);
				PRODUCT_BUNDLE_IDENTIFIER = com.Sagar.metalL.MetalLearning;
				PRODUCT_NAME = "$(TARGET_NAME)";
				SWIFT_VERSION = 5.0;
				TARGETED_DEVICE_FAMILY = "1,2";
			};
			name = Release;
		};
/* End XCBuildConfiguration section */

/* Begin XCConfigurationList section */
		FAD2FD9426BD06A000B94C32 /* Build configuration list for PBXProject "MetalLearning" */ = {
			isa = XCConfigurationList;
			buildConfigurations = (
				FAD2FDAB26BD06AA00B94C32 /* Debug */,
				FAD2FDAC26BD06AA00B94C32 /* Release */,
			);
			defaultConfigurationIsVisible = 0;
			defaultConfigurationName = Release;
		};
		FAD2FDAD26BD06AA00B94C32 /* Build configuration list for PBXNativeTarget "MetalLearning" */ = {
			isa = XCConfigurationList;
			buildConfigurations = (
				FAD2FDAE26BD06AA00B94C32 /* Debug */,
				FAD2FDAF26BD06AA00B94C32 /* Release */,
			);
			defaultConfigurationIsVisible = 0;
			defaultConfigurationName = Release;
		};
/* End XCConfigurationList section */
	};
	rootObject = FAD2FD9126BD06A000B94C32 /* Project object */;
}
